
Microsoft Visual Studio Solution File, Format Version 10.00
# Visual Studio 2008
Project("{2150E333-8FDC-42A3-9474-1A3956D46DE8}") = "Solution Items", "Solution Items", "{54B82A62-58F2-4F96-A3FE-95908E23C32E}"
	ProjectSection(SolutionItems) = preProject
		CommonAssemblyInfo.cs = CommonAssemblyInfo.cs
	EndProjectSection
EndProject
Project("{FAE04EC0-301F-11D3-BF4B-00C04F79EFBC}") = "ManejadorDeMapa.Pruebas", "ManejadorDeMapa.Pruebas\ManejadorDeMapa.Pruebas.csproj", "{7E361239-BD1B-4CD9-974B-CFF0B456A297}"
EndProject
Project("{FAE04EC0-301F-11D3-BF4B-00C04F79EFBC}") = "ManejadorDeMapa", "ManejadorDeMapa\ManejadorDeMapa.csproj", "{F07EE602-114A-4111-AD1C-E079D8C71E11}"
EndProject
Project("{2150E333-8FDC-42A3-9474-1A3956D46DE8}") = "Información", "Información", "{D85C74CE-E6A7-44AE-81D7-A9430E8166F5}"
	ProjectSection(SolutionItems) = preProject
		Informacion\CaracterísticasDePDIs.cGPSmapper.csv = Informacion\CaracterísticasDePDIs.cGPSmapper.csv
		Informacion\CaracterísticasDePDIs.Garmin City Select.csv = Informacion\CaracterísticasDePDIs.Garmin City Select.csv
		Informacion\CaracterísticasDePDIs.JoseH.csv = Informacion\CaracterísticasDePDIs.JoseH.csv
		Informacion\Garmin City Select North America Elements.txt = Informacion\Garmin City Select North America Elements.txt
		Informacion\Garmin POIs.txt = Informacion\Garmin POIs.txt
	EndProjectSection
EndProject
Project("{54435603-DBB4-11D2-8724-00A0C9A8B90C}") = "Instalación", "Instalación\Instalación.vdproj", "{B551FA61-71A2-419B-A611-F33523779D47}"
EndProject
Project("{FAE04EC0-301F-11D3-BF4B-00C04F79EFBC}") = "ManejadorDeMapa.Interfase", "ManejadorDeMapa.Interfase\ManejadorDeMapa.Interfase.csproj", "{767BBFF4-F948-4614-901B-A3066CE41FDD}"
EndProject
Project("{FAE04EC0-301F-11D3-BF4B-00C04F79EFBC}") = "RemplazadorDeLetrasEspeciales", "RemplazadorDeLetrasEspeciales\RemplazadorDeLetrasEspeciales.csproj", "{31CFD029-1FEF-44BE-9ACD-5C75C6FAB04F}"
EndProject
Project("{FAE04EC0-301F-11D3-BF4B-00C04F79EFBC}") = "RemplazadorDeNombres", "RemplazadorDeNombres\RemplazadorDeNombres.csproj", "{C68EFAB2-B5EC-4D55-BDB5-6BF51EB770DE}"
EndProject
Project("{FAE04EC0-301F-11D3-BF4B-00C04F79EFBC}") = "ManejadorDeMapa.Consola", "ManejadorDeMapa.Consola\ManejadorDeMapa.Consola.csproj", "{7B9D4062-BA10-406F-A78B-ECD0DDF0176B}"
EndProject
Global
	GlobalSection(TeamFoundationVersionControl) = preSolution
		SccNumberOfProjects = 8
		SccEnterpriseProvider = {4CA58AB2-18FA-4F8D-95D4-32DDF27D184C}
		SccTeamFoundationServer = https://tfs07.codeplex.com/
		SccLocalPath0 = .
		SccProjectUniqueName1 = ManejadorDeMapa.Pruebas\\ManejadorDeMapa.Pruebas.csproj
		SccProjectName1 = ManejadorDeMapa.Pruebas
		SccLocalPath1 = ManejadorDeMapa.Pruebas
		SccProjectUniqueName2 = ManejadorDeMapa\\ManejadorDeMapa.csproj
		SccProjectName2 = ManejadorDeMapa
		SccLocalPath2 = ManejadorDeMapa
		SccProjectUniqueName3 = Instalación\\Instalación.vdproj
		SccProjectName3 = Instalación
		SccLocalPath3 = Instalación
		SccProjectUniqueName4 = ManejadorDeMapa.Interfase\\ManejadorDeMapa.Interfase.csproj
		SccProjectName4 = ManejadorDeMapa.Interfase
		SccLocalPath4 = ManejadorDeMapa.Interfase
		SccProjectUniqueName5 = RemplazadorDeLetrasEspeciales\\RemplazadorDeLetrasEspeciales.csproj
		SccProjectName5 = RemplazadorDeLetrasEspeciales
		SccLocalPath5 = RemplazadorDeLetrasEspeciales
		SccProjectUniqueName6 = RemplazadorDeNombres\\RemplazadorDeNombres.csproj
		SccProjectName6 = RemplazadorDeNombres
		SccLocalPath6 = RemplazadorDeNombres
		SccProjectUniqueName7 = ManejadorDeMapa.Consola\\ManejadorDeMapa.Consola.csproj
		SccProjectName7 = ManejadorDeMapa.Consola
		SccLocalPath7 = ManejadorDeMapa.Consola
	EndGlobalSection
	GlobalSection(SolutionConfigurationPlatforms) = preSolution
		Debug|Any CPU = Debug|Any CPU
		Release|Any CPU = Release|Any CPU
	EndGlobalSection
	GlobalSection(ProjectConfigurationPlatforms) = postSolution
		{7E361239-BD1B-4CD9-974B-CFF0B456A297}.Debug|Any CPU.ActiveCfg = Debug|Any CPU
		{7E361239-BD1B-4CD9-974B-CFF0B456A297}.Debug|Any CPU.Build.0 = Debug|Any CPU
		{7E361239-BD1B-4CD9-974B-CFF0B456A297}.Release|Any CPU.ActiveCfg = Release|Any CPU
		{7E361239-BD1B-4CD9-974B-CFF0B456A297}.Release|Any CPU.Build.0 = Release|Any CPU
		{F07EE602-114A-4111-AD1C-E079D8C71E11}.Debug|Any CPU.ActiveCfg = Debug|Any CPU
		{F07EE602-114A-4111-AD1C-E079D8C71E11}.Debug|Any CPU.Build.0 = Debug|Any CPU
		{F07EE602-114A-4111-AD1C-E079D8C71E11}.Release|Any CPU.ActiveCfg = Release|Any CPU
		{F07EE602-114A-4111-AD1C-E079D8C71E11}.Release|Any CPU.Build.0 = Release|Any CPU
		{B551FA61-71A2-419B-A611-F33523779D47}.Debug|Any CPU.ActiveCfg = Debug
		{B551FA61-71A2-419B-A611-F33523779D47}.Release|Any CPU.ActiveCfg = Release
		{767BBFF4-F948-4614-901B-A3066CE41FDD}.Debug|Any CPU.ActiveCfg = Debug|Any CPU
		{767BBFF4-F948-4614-901B-A3066CE41FDD}.Debug|Any CPU.Build.0 = Debug|Any CPU
		{767BBFF4-F948-4614-901B-A3066CE41FDD}.Release|Any CPU.ActiveCfg = Release|Any CPU
		{767BBFF4-F948-4614-901B-A3066CE41FDD}.Release|Any CPU.Build.0 = Release|Any CPU
		{31CFD029-1FEF-44BE-9ACD-5C75C6FAB04F}.Debug|Any CPU.ActiveCfg = Debug|Any CPU
		{31CFD029-1FEF-44BE-9ACD-5C75C6FAB04F}.Debug|Any CPU.Build.0 = Debug|Any CPU
		{31CFD029-1FEF-44BE-9ACD-5C75C6FAB04F}.Release|Any CPU.ActiveCfg = Release|Any CPU
		{31CFD029-1FEF-44BE-9ACD-5C75C6FAB04F}.Release|Any CPU.Build.0 = Release|Any CPU
		{C68EFAB2-B5EC-4D55-BDB5-6BF51EB770DE}.Debug|Any CPU.ActiveCfg = Debug|Any CPU
		{C68EFAB2-B5EC-4D55-BDB5-6BF51EB770DE}.Debug|Any CPU.Build.0 = Debug|Any CPU
		{C68EFAB2-B5EC-4D55-BDB5-6BF51EB770DE}.Release|Any CPU.ActiveCfg = Release|Any CPU
		{C68EFAB2-B5EC-4D55-BDB5-6BF51EB770DE}.Release|Any CPU.Build.0 = Release|Any CPU
		{7B9D4062-BA10-406F-A78B-ECD0DDF0176B}.Debug|Any CPU.ActiveCfg = Debug|Any CPU
		{7B9D4062-BA10-406F-A78B-ECD0DDF0176B}.Debug|Any CPU.Build.0 = Debug|Any CPU
		{7B9D4062-BA10-406F-A78B-ECD0DDF0176B}.Release|Any CPU.ActiveCfg = Release|Any CPU
		{7B9D4062-BA10-406F-A78B-ECD0DDF0176B}.Release|Any CPU.Build.0 = Release|Any CPU
	EndGlobalSection
	GlobalSection(SolutionProperties) = preSolution
		HideSolutionNode = FALSE
	EndGlobalSection
	GlobalSection(NestedProjects) = preSolution
		{D85C74CE-E6A7-44AE-81D7-A9430E8166F5} = {54B82A62-58F2-4F96-A3FE-95908E23C32E}
	EndGlobalSection
EndGlobal
